
Microsoft Visual Studio Solution File, Format Version 12.00
# Visual Studio Version 17
VisualStudioVersion = 17.7.34018.315
MinimumVisualStudioVersion = 10.0.40219.1
Project("{FAE04EC0-301F-11D3-BF4B-00C04F79EFBC}") = "ScreenSound", "ScreenSound.csproj", "{36A79294-59C9-4DDA-882A-619E6909C740}"
EndProject
Global
	GlobalSection(SolutionConfigurationPlatforms) = preSolution
		Debug|Any CPU = Debug|Any CPU
		Release|Any CPU = Release|Any CPU
	EndGlobalSection
	GlobalSection(ProjectConfigurationPlatforms) = postSolution
		{36A79294-59C9-4DDA-882A-619E6909C740}.Debug|Any CPU.ActiveCfg = Debug|Any CPU
		{36A79294-59C9-4DDA-882A-619E6909C740}.Debug|Any CPU.Build.0 = Debug|Any CPU
		{36A79294-59C9-4DDA-882A-619E6909C740}.Release|Any CPU.ActiveCfg = Release|Any CPU
		{36A79294-59C9-4DDA-882A-619E6909C740}.Release|Any CPU.Build.0 = Release|Any CPU
	EndGlobalSection
	GlobalSection(SolutionProperties) = preSolution
		HideSolutionNode = FALSE
	EndGlobalSection
	GlobalSection(ExtensibilityGlobals) = postSolution
		SolutionGuid = {01B37664-D8EB-436A-9AAD-AF2431D3C45C}
	EndGlobalSection
EndGlobal
